
Microsoft Visual Studio Solution File, Format Version 12.00
# Visual Studio Version 17
VisualStudioVersion = 17.14.36623.8 d17.14
MinimumVisualStudioVersion = 10.0.40219.1
Project("{FAE04EC0-301F-11D3-BF4B-00C04F79EFBC}") = "TestExaen", "TestExaen\TestExaen.csproj", "{5D9E2AB1-3F74-46C5-B112-48D657FB7F82}"
EndProject
Global
	GlobalSection(SolutionConfigurationPlatforms) = preSolution
		Debug|Any CPU = Debug|Any CPU
		Release|Any CPU = Release|Any CPU
	EndGlobalSection
	GlobalSection(ProjectConfigurationPlatforms) = postSolution
		{5D9E2AB1-3F74-46C5-B112-48D657FB7F82}.Debug|Any CPU.ActiveCfg = Debug|Any CPU
		{5D9E2AB1-3F74-46C5-B112-48D657FB7F82}.Debug|Any CPU.Build.0 = Debug|Any CPU
		{5D9E2AB1-3F74-46C5-B112-48D657FB7F82}.Release|Any CPU.ActiveCfg = Release|Any CPU
		{5D9E2AB1-3F74-46C5-B112-48D657FB7F82}.Release|Any CPU.Build.0 = Release|Any CPU
	EndGlobalSection
	GlobalSection(SolutionProperties) = preSolution
		HideSolutionNode = FALSE
	EndGlobalSection
	GlobalSection(ExtensibilityGlobals) = postSolution
		SolutionGuid = {293FD9DC-BFD2-459F-8EC5-B79845C2E2C9}
	EndGlobalSection
EndGlobal
