
Microsoft Visual Studio Solution File, Format Version 12.00
# Visual Studio Version 17
VisualStudioVersion = 17.14.36429.23 d17.14
MinimumVisualStudioVersion = 10.0.40219.1
Project("{F184B08F-C81C-45F6-A57F-5ABD9991F28F}") = "Quentin_Versluys_Thiam", "Quentin_Versluys_Thiam\Quentin_Versluys_Thiam.vbproj", "{F786949B-5EED-4DF3-B08A-76337679E698}"
EndProject
Global
	GlobalSection(SolutionConfigurationPlatforms) = preSolution
		Debug|Any CPU = Debug|Any CPU
		Release|Any CPU = Release|Any CPU
	EndGlobalSection
	GlobalSection(ProjectConfigurationPlatforms) = postSolution
		{F786949B-5EED-4DF3-B08A-76337679E698}.Debug|Any CPU.ActiveCfg = Debug|Any CPU
		{F786949B-5EED-4DF3-B08A-76337679E698}.Debug|Any CPU.Build.0 = Debug|Any CPU
		{F786949B-5EED-4DF3-B08A-76337679E698}.Release|Any CPU.ActiveCfg = Release|Any CPU
		{F786949B-5EED-4DF3-B08A-76337679E698}.Release|Any CPU.Build.0 = Release|Any CPU
	EndGlobalSection
	GlobalSection(SolutionProperties) = preSolution
		HideSolutionNode = FALSE
	EndGlobalSection
	GlobalSection(ExtensibilityGlobals) = postSolution
		SolutionGuid = {108EA965-1A2D-4F3F-B559-08D6465D6E35}
	EndGlobalSection
EndGlobal
