
Microsoft Visual Studio Solution File, Format Version 12.00
# Visual Studio Version 17
VisualStudioVersion = 17.14.36623.8 d17.14
MinimumVisualStudioVersion = 10.0.40219.1
Project("{FAE04EC0-301F-11D3-BF4B-00C04F79EFBC}") = "test", "test\test.csproj", "{DD4A113F-76F7-4F94-BBB3-6E3084742B2E}"
EndProject
Global
	GlobalSection(SolutionConfigurationPlatforms) = preSolution
		Debug|Any CPU = Debug|Any CPU
		Release|Any CPU = Release|Any CPU
	EndGlobalSection
	GlobalSection(ProjectConfigurationPlatforms) = postSolution
		{DD4A113F-76F7-4F94-BBB3-6E3084742B2E}.Debug|Any CPU.ActiveCfg = Debug|Any CPU
		{DD4A113F-76F7-4F94-BBB3-6E3084742B2E}.Debug|Any CPU.Build.0 = Debug|Any CPU
		{DD4A113F-76F7-4F94-BBB3-6E3084742B2E}.Release|Any CPU.ActiveCfg = Release|Any CPU
		{DD4A113F-76F7-4F94-BBB3-6E3084742B2E}.Release|Any CPU.Build.0 = Release|Any CPU
	EndGlobalSection
	GlobalSection(SolutionProperties) = preSolution
		HideSolutionNode = FALSE
	EndGlobalSection
	GlobalSection(ExtensibilityGlobals) = postSolution
		SolutionGuid = {AECD9BF5-871B-499E-861E-FC1DD7CDAF93}
	EndGlobalSection
EndGlobal
