
Microsoft Visual Studio Solution File, Format Version 12.00
# Visual Studio Version 17
VisualStudioVersion = 17.14.36429.23 d17.14
MinimumVisualStudioVersion = 10.0.40219.1
Project("{F184B08F-C81C-45F6-A57F-5ABD9991F28F}") = "Oef1_Draak", "Oef1_Draak\Oef1_Draak.vbproj", "{5C0FF813-9DA6-4510-9554-2A7528063474}"
EndProject
Global
	GlobalSection(SolutionConfigurationPlatforms) = preSolution
		Debug|Any CPU = Debug|Any CPU
		Release|Any CPU = Release|Any CPU
	EndGlobalSection
	GlobalSection(ProjectConfigurationPlatforms) = postSolution
		{5C0FF813-9DA6-4510-9554-2A7528063474}.Debug|Any CPU.ActiveCfg = Debug|Any CPU
		{5C0FF813-9DA6-4510-9554-2A7528063474}.Debug|Any CPU.Build.0 = Debug|Any CPU
		{5C0FF813-9DA6-4510-9554-2A7528063474}.Release|Any CPU.ActiveCfg = Release|Any CPU
		{5C0FF813-9DA6-4510-9554-2A7528063474}.Release|Any CPU.Build.0 = Release|Any CPU
	EndGlobalSection
	GlobalSection(SolutionProperties) = preSolution
		HideSolutionNode = FALSE
	EndGlobalSection
	GlobalSection(ExtensibilityGlobals) = postSolution
		SolutionGuid = {AC24E985-09A9-45BC-AB9C-56B12775F3CC}
	EndGlobalSection
EndGlobal
