
Microsoft Visual Studio Solution File, Format Version 12.00
# Visual Studio Version 17
VisualStudioVersion = 17.14.36429.23 d17.14
MinimumVisualStudioVersion = 10.0.40219.1
Project("{F184B08F-C81C-45F6-A57F-5ABD9991F28F}") = "Oef3_Kapitein", "Oef3_Kapitein\Oef3_Kapitein.vbproj", "{CC9E9B77-8D13-417C-BFEA-AAC166FF5FD5}"
EndProject
Global
	GlobalSection(SolutionConfigurationPlatforms) = preSolution
		Debug|Any CPU = Debug|Any CPU
		Release|Any CPU = Release|Any CPU
	EndGlobalSection
	GlobalSection(ProjectConfigurationPlatforms) = postSolution
		{CC9E9B77-8D13-417C-BFEA-AAC166FF5FD5}.Debug|Any CPU.ActiveCfg = Debug|Any CPU
		{CC9E9B77-8D13-417C-BFEA-AAC166FF5FD5}.Debug|Any CPU.Build.0 = Debug|Any CPU
		{CC9E9B77-8D13-417C-BFEA-AAC166FF5FD5}.Release|Any CPU.ActiveCfg = Release|Any CPU
		{CC9E9B77-8D13-417C-BFEA-AAC166FF5FD5}.Release|Any CPU.Build.0 = Release|Any CPU
	EndGlobalSection
	GlobalSection(SolutionProperties) = preSolution
		HideSolutionNode = FALSE
	EndGlobalSection
	GlobalSection(ExtensibilityGlobals) = postSolution
		SolutionGuid = {7DDB0552-4020-4707-9ACB-5EF24079A62C}
	EndGlobalSection
EndGlobal
