
Microsoft Visual Studio Solution File, Format Version 12.00
# Visual Studio Version 17
VisualStudioVersion = 17.14.36623.8 d17.14
MinimumVisualStudioVersion = 10.0.40219.1
Project("{FAE04EC0-301F-11D3-BF4B-00C04F79EFBC}") = "Simon_says", "Simon_says\Simon_says.csproj", "{2F897878-EF61-4423-8981-AD53242B5093}"
EndProject
Project("{FAE04EC0-301F-11D3-BF4B-00C04F79EFBC}") = "WinFormsApp1", "WinFormsApp1\WinFormsApp1.csproj", "{0DD3A792-00ED-4242-8D10-3FA7DDA065EE}"
EndProject
Global
	GlobalSection(SolutionConfigurationPlatforms) = preSolution
		Debug|Any CPU = Debug|Any CPU
		Release|Any CPU = Release|Any CPU
	EndGlobalSection
	GlobalSection(ProjectConfigurationPlatforms) = postSolution
		{2F897878-EF61-4423-8981-AD53242B5093}.Debug|Any CPU.ActiveCfg = Debug|Any CPU
		{2F897878-EF61-4423-8981-AD53242B5093}.Debug|Any CPU.Build.0 = Debug|Any CPU
		{2F897878-EF61-4423-8981-AD53242B5093}.Release|Any CPU.ActiveCfg = Release|Any CPU
		{2F897878-EF61-4423-8981-AD53242B5093}.Release|Any CPU.Build.0 = Release|Any CPU
		{0DD3A792-00ED-4242-8D10-3FA7DDA065EE}.Debug|Any CPU.ActiveCfg = Debug|Any CPU
		{0DD3A792-00ED-4242-8D10-3FA7DDA065EE}.Debug|Any CPU.Build.0 = Debug|Any CPU
		{0DD3A792-00ED-4242-8D10-3FA7DDA065EE}.Release|Any CPU.ActiveCfg = Release|Any CPU
		{0DD3A792-00ED-4242-8D10-3FA7DDA065EE}.Release|Any CPU.Build.0 = Release|Any CPU
	EndGlobalSection
	GlobalSection(SolutionProperties) = preSolution
		HideSolutionNode = FALSE
	EndGlobalSection
	GlobalSection(ExtensibilityGlobals) = postSolution
		SolutionGuid = {5FAC3AF2-004F-42DC-BF3A-711FDB101DE8}
	EndGlobalSection
EndGlobal
